
Microsoft Visual Studio Solution File, Format Version 12.00
# Visual Studio 15
VisualStudioVersion = 15.0.27130.2010
MinimumVisualStudioVersion = 10.0.40219.1
Project("{FAE04EC0-301F-11D3-BF4B-00C04F79EFBC}") = "Sample_Sqlite", "Sample_Sqlite\Sample_Sqlite.csproj", "{F91465CB-15C0-4CC5-84D1-46CC26F65DE5}"
EndProject
Global
	GlobalSection(SolutionConfigurationPlatforms) = preSolution
		Debug|Any CPU = Debug|Any CPU
		Release|Any CPU = Release|Any CPU
	EndGlobalSection
	GlobalSection(ProjectConfigurationPlatforms) = postSolution
		{F91465CB-15C0-4CC5-84D1-46CC26F65DE5}.Debug|Any CPU.ActiveCfg = Debug|Any CPU
		{F91465CB-15C0-4CC5-84D1-46CC26F65DE5}.Debug|Any CPU.Build.0 = Debug|Any CPU
		{F91465CB-15C0-4CC5-84D1-46CC26F65DE5}.Release|Any CPU.ActiveCfg = Release|Any CPU
		{F91465CB-15C0-4CC5-84D1-46CC26F65DE5}.Release|Any CPU.Build.0 = Release|Any CPU
	EndGlobalSection
	GlobalSection(SolutionProperties) = preSolution
		HideSolutionNode = FALSE
	EndGlobalSection
	GlobalSection(ExtensibilityGlobals) = postSolution
		SolutionGuid = {D951B277-8C69-4EE8-B40E-DCF594B966EB}
	EndGlobalSection
EndGlobal
